
Microsoft Visual Studio Solution File, Format Version 12.00
# Visual Studio Version 17
VisualStudioVersion = 17.11.35303.130
MinimumVisualStudioVersion = 10.0.40219.1
Project("{FAE04EC0-301F-11D3-BF4B-00C04F79EFBC}") = "thirdClass", "thirdClass.csproj", "{0B93F56D-0471-489B-A8A2-99DE612274A2}"
EndProject
Global
	GlobalSection(SolutionConfigurationPlatforms) = preSolution
		Debug|Any CPU = Debug|Any CPU
		Release|Any CPU = Release|Any CPU
	EndGlobalSection
	GlobalSection(ProjectConfigurationPlatforms) = postSolution
		{0B93F56D-0471-489B-A8A2-99DE612274A2}.Debug|Any CPU.ActiveCfg = Debug|Any CPU
		{0B93F56D-0471-489B-A8A2-99DE612274A2}.Debug|Any CPU.Build.0 = Debug|Any CPU
		{0B93F56D-0471-489B-A8A2-99DE612274A2}.Release|Any CPU.ActiveCfg = Release|Any CPU
		{0B93F56D-0471-489B-A8A2-99DE612274A2}.Release|Any CPU.Build.0 = Release|Any CPU
	EndGlobalSection
	GlobalSection(SolutionProperties) = preSolution
		HideSolutionNode = FALSE
	EndGlobalSection
	GlobalSection(ExtensibilityGlobals) = postSolution
		SolutionGuid = {75A3AEA3-E85C-4536-95CB-5437A49A09A6}
	EndGlobalSection
EndGlobal
